{
  "name": "single-spa-test",
  "version": "1.0.0",
  "lockfileVersion": 1,
  "requires": true,
  "dependencies": {
    "single-spa": {
      "version": "5.9.2",
      "resolved": "https://registry.npmjs.org/single-spa/-/single-spa-5.9.2.tgz",
      "integrity": "sha512-XYl0rWAuTsdz8juLVMk7jjFZPIpv0TVECUh3+SNzReFJ8OfjndnUNvCSF6e5jAd7/8CNnKItpPgIsAvKvDvpHw=="
    }
  }
}
